
Microsoft Visual Studio Solution File, Format Version 12.00
Project("{2150E333-8FDC-42A3-9474-1A3956D46DE8}") = "Services", "Services", "{83ED8FFF-3122-40D3-9995-50BB43CADA11}"
EndProject
Project("{2150E333-8FDC-42A3-9474-1A3956D46DE8}") = "Catalogue", "Catalogue", "{618A2FDC-FBE5-451A-AD16-D33C625DA240}"
EndProject
Project("{FAE04EC0-301F-11D3-BF4B-00C04F79EFBC}") = "Catalogue.API", "Services\Catalogue\Catalogue.API\Catalogue.API.csproj", "{806C160A-7C02-42C6-B6C9-04A5E6699008}"
EndProject
Global
	GlobalSection(SolutionConfigurationPlatforms) = preSolution
		Debug|Any CPU = Debug|Any CPU
		Release|Any CPU = Release|Any CPU
	EndGlobalSection
	GlobalSection(NestedProjects) = preSolution
		{618A2FDC-FBE5-451A-AD16-D33C625DA240} = {83ED8FFF-3122-40D3-9995-50BB43CADA11}
		{806C160A-7C02-42C6-B6C9-04A5E6699008} = {618A2FDC-FBE5-451A-AD16-D33C625DA240}
	EndGlobalSection
	GlobalSection(ProjectConfigurationPlatforms) = postSolution
		{806C160A-7C02-42C6-B6C9-04A5E6699008}.Debug|Any CPU.ActiveCfg = Debug|Any CPU
		{806C160A-7C02-42C6-B6C9-04A5E6699008}.Debug|Any CPU.Build.0 = Debug|Any CPU
		{806C160A-7C02-42C6-B6C9-04A5E6699008}.Release|Any CPU.ActiveCfg = Release|Any CPU
		{806C160A-7C02-42C6-B6C9-04A5E6699008}.Release|Any CPU.Build.0 = Release|Any CPU
	EndGlobalSection
EndGlobal
